
Microsoft Visual Studio Solution File, Format Version 12.00
# Visual Studio Version 16
VisualStudioVersion = 16.0.29209.62
MinimumVisualStudioVersion = 15.0.26124.0
Project("{9A19103F-16F7-4668-BE54-9A1E7A4F7556}") = "Aksel.Tests", "tests\Aksel.Tests\Aksel.Tests.csproj", "{283CC7D2-9D79-4709-B374-4E8FA3B5B54B}"
EndProject
Project("{9A19103F-16F7-4668-BE54-9A1E7A4F7556}") = "Aksel.Auth", "src\Aksel.Auth\Aksel.Auth.csproj", "{5FE73862-B4A3-4A0A-B6AA-160A0B00208C}"
EndProject
Project("{2150E333-8FDC-42A3-9474-1A3956D46DE8}") = "src", "src", "{AE81F915-5958-4F25-9C00-F71AB28DF896}"
EndProject
Project("{2150E333-8FDC-42A3-9474-1A3956D46DE8}") = "tests", "tests", "{5B7767CE-AC71-47E5-BBFE-E3E8876CCAE3}"
EndProject
Project("{2150E333-8FDC-42A3-9474-1A3956D46DE8}") = "Database", "Database", "{ADF86A45-748E-4F8A-94AF-8F54BA134A60}"
EndProject
Project("{2150E333-8FDC-42A3-9474-1A3956D46DE8}") = "Models", "Models", "{BA3DFF6A-E428-4525-8417-2C125700C3E1}"
EndProject
Project("{2150E333-8FDC-42A3-9474-1A3956D46DE8}") = "Service", "Service", "{0871D798-0A8B-441B-B785-E3CB58417C15}"
EndProject
Project("{9A19103F-16F7-4668-BE54-9A1E7A4F7556}") = "Aksel.Repository", "src\Database\Aksel.Repository\Aksel.Repository.csproj", "{283CFD35-64C3-469A-81D3-6AD72CF80D89}"
EndProject
Project("{9A19103F-16F7-4668-BE54-9A1E7A4F7556}") = "Aksel.Repository.Entities", "src\Database\Aksel.Repository.Entities\Aksel.Repository.Entities.csproj", "{D261B56A-B5BB-449B-9E94-D4E8A514FEEC}"
EndProject
Project("{9A19103F-16F7-4668-BE54-9A1E7A4F7556}") = "Aksel.Repository.Module", "src\Database\Aksel.Repository.Module\Aksel.Repository.Module.csproj", "{64FF17A1-0FCD-44B3-8527-7C7A20FA21E7}"
EndProject
Project("{9A19103F-16F7-4668-BE54-9A1E7A4F7556}") = "Aksel.AutomapperMappings", "src\Models\Aksel.AutomapperMappings\Aksel.AutomapperMappings.csproj", "{2AE06FA3-2EFD-4913-AACF-D5083E6AC2B3}"
EndProject
Project("{9A19103F-16F7-4668-BE54-9A1E7A4F7556}") = "Aksel.Models", "src\Models\Aksel.Models\Aksel.Models.csproj", "{B0E966FC-B5BF-454B-A0CB-C315F5EBAE2A}"
EndProject
Project("{9A19103F-16F7-4668-BE54-9A1E7A4F7556}") = "Aksel.ModelValidators", "src\Models\Aksel.ModelValidators\Aksel.ModelValidators.csproj", "{A1AAABBD-93C2-46A5-82A7-F95B20BC5F2C}"
EndProject
Project("{9A19103F-16F7-4668-BE54-9A1E7A4F7556}") = "Aksel.Service", "src\Service\Aksel.Service\Aksel.Service.csproj", "{6D808293-324A-4BCD-872C-C41710A23849}"
EndProject
Project("{9A19103F-16F7-4668-BE54-9A1E7A4F7556}") = "Aksel.Service.Module", "src\Service\Aksel.Service.Modules\Aksel.Service.Module.csproj", "{5FB478BE-3A95-4756-9D65-CEDC944CCEA4}"
EndProject
Project("{9A19103F-16F7-4668-BE54-9A1E7A4F7556}") = "Aksel.ModelValidators.Module", "src\Models\Aksel.ModelValidators.Module\Aksel.ModelValidators.Module.csproj", "{166C7EDF-7E50-4BF3-A10A-443162A13B8E}"
EndProject
Global
	GlobalSection(SolutionConfigurationPlatforms) = preSolution
		Debug|Any CPU = Debug|Any CPU
		Debug|x64 = Debug|x64
		Debug|x86 = Debug|x86
		Release|Any CPU = Release|Any CPU
		Release|x64 = Release|x64
		Release|x86 = Release|x86
	EndGlobalSection
	GlobalSection(ProjectConfigurationPlatforms) = postSolution
		{283CC7D2-9D79-4709-B374-4E8FA3B5B54B}.Debug|Any CPU.ActiveCfg = Debug|Any CPU
		{283CC7D2-9D79-4709-B374-4E8FA3B5B54B}.Debug|Any CPU.Build.0 = Debug|Any CPU
		{283CC7D2-9D79-4709-B374-4E8FA3B5B54B}.Debug|x64.ActiveCfg = Debug|Any CPU
		{283CC7D2-9D79-4709-B374-4E8FA3B5B54B}.Debug|x64.Build.0 = Debug|Any CPU
		{283CC7D2-9D79-4709-B374-4E8FA3B5B54B}.Debug|x86.ActiveCfg = Debug|Any CPU
		{283CC7D2-9D79-4709-B374-4E8FA3B5B54B}.Debug|x86.Build.0 = Debug|Any CPU
		{283CC7D2-9D79-4709-B374-4E8FA3B5B54B}.Release|Any CPU.ActiveCfg = Release|Any CPU
		{283CC7D2-9D79-4709-B374-4E8FA3B5B54B}.Release|Any CPU.Build.0 = Release|Any CPU
		{283CC7D2-9D79-4709-B374-4E8FA3B5B54B}.Release|x64.ActiveCfg = Release|Any CPU
		{283CC7D2-9D79-4709-B374-4E8FA3B5B54B}.Release|x64.Build.0 = Release|Any CPU
		{283CC7D2-9D79-4709-B374-4E8FA3B5B54B}.Release|x86.ActiveCfg = Release|Any CPU
		{283CC7D2-9D79-4709-B374-4E8FA3B5B54B}.Release|x86.Build.0 = Release|Any CPU
		{5FE73862-B4A3-4A0A-B6AA-160A0B00208C}.Debug|Any CPU.ActiveCfg = Debug|Any CPU
		{5FE73862-B4A3-4A0A-B6AA-160A0B00208C}.Debug|Any CPU.Build.0 = Debug|Any CPU
		{5FE73862-B4A3-4A0A-B6AA-160A0B00208C}.Debug|x64.ActiveCfg = Debug|Any CPU
		{5FE73862-B4A3-4A0A-B6AA-160A0B00208C}.Debug|x64.Build.0 = Debug|Any CPU
		{5FE73862-B4A3-4A0A-B6AA-160A0B00208C}.Debug|x86.ActiveCfg = Debug|Any CPU
		{5FE73862-B4A3-4A0A-B6AA-160A0B00208C}.Debug|x86.Build.0 = Debug|Any CPU
		{5FE73862-B4A3-4A0A-B6AA-160A0B00208C}.Release|Any CPU.ActiveCfg = Release|Any CPU
		{5FE73862-B4A3-4A0A-B6AA-160A0B00208C}.Release|Any CPU.Build.0 = Release|Any CPU
		{5FE73862-B4A3-4A0A-B6AA-160A0B00208C}.Release|x64.ActiveCfg = Release|Any CPU
		{5FE73862-B4A3-4A0A-B6AA-160A0B00208C}.Release|x64.Build.0 = Release|Any CPU
		{5FE73862-B4A3-4A0A-B6AA-160A0B00208C}.Release|x86.ActiveCfg = Release|Any CPU
		{5FE73862-B4A3-4A0A-B6AA-160A0B00208C}.Release|x86.Build.0 = Release|Any CPU
		{283CFD35-64C3-469A-81D3-6AD72CF80D89}.Debug|Any CPU.ActiveCfg = Debug|Any CPU
		{283CFD35-64C3-469A-81D3-6AD72CF80D89}.Debug|Any CPU.Build.0 = Debug|Any CPU
		{283CFD35-64C3-469A-81D3-6AD72CF80D89}.Debug|x64.ActiveCfg = Debug|Any CPU
		{283CFD35-64C3-469A-81D3-6AD72CF80D89}.Debug|x64.Build.0 = Debug|Any CPU
		{283CFD35-64C3-469A-81D3-6AD72CF80D89}.Debug|x86.ActiveCfg = Debug|Any CPU
		{283CFD35-64C3-469A-81D3-6AD72CF80D89}.Debug|x86.Build.0 = Debug|Any CPU
		{283CFD35-64C3-469A-81D3-6AD72CF80D89}.Release|Any CPU.ActiveCfg = Release|Any CPU
		{283CFD35-64C3-469A-81D3-6AD72CF80D89}.Release|Any CPU.Build.0 = Release|Any CPU
		{283CFD35-64C3-469A-81D3-6AD72CF80D89}.Release|x64.ActiveCfg = Release|Any CPU
		{283CFD35-64C3-469A-81D3-6AD72CF80D89}.Release|x64.Build.0 = Release|Any CPU
		{283CFD35-64C3-469A-81D3-6AD72CF80D89}.Release|x86.ActiveCfg = Release|Any CPU
		{283CFD35-64C3-469A-81D3-6AD72CF80D89}.Release|x86.Build.0 = Release|Any CPU
		{D261B56A-B5BB-449B-9E94-D4E8A514FEEC}.Debug|Any CPU.ActiveCfg = Debug|Any CPU
		{D261B56A-B5BB-449B-9E94-D4E8A514FEEC}.Debug|Any CPU.Build.0 = Debug|Any CPU
		{D261B56A-B5BB-449B-9E94-D4E8A514FEEC}.Debug|x64.ActiveCfg = Debug|Any CPU
		{D261B56A-B5BB-449B-9E94-D4E8A514FEEC}.Debug|x64.Build.0 = Debug|Any CPU
		{D261B56A-B5BB-449B-9E94-D4E8A514FEEC}.Debug|x86.ActiveCfg = Debug|Any CPU
		{D261B56A-B5BB-449B-9E94-D4E8A514FEEC}.Debug|x86.Build.0 = Debug|Any CPU
		{D261B56A-B5BB-449B-9E94-D4E8A514FEEC}.Release|Any CPU.ActiveCfg = Release|Any CPU
		{D261B56A-B5BB-449B-9E94-D4E8A514FEEC}.Release|Any CPU.Build.0 = Release|Any CPU
		{D261B56A-B5BB-449B-9E94-D4E8A514FEEC}.Release|x64.ActiveCfg = Release|Any CPU
		{D261B56A-B5BB-449B-9E94-D4E8A514FEEC}.Release|x64.Build.0 = Release|Any CPU
		{D261B56A-B5BB-449B-9E94-D4E8A514FEEC}.Release|x86.ActiveCfg = Release|Any CPU
		{D261B56A-B5BB-449B-9E94-D4E8A514FEEC}.Release|x86.Build.0 = Release|Any CPU
		{64FF17A1-0FCD-44B3-8527-7C7A20FA21E7}.Debug|Any CPU.ActiveCfg = Debug|Any CPU
		{64FF17A1-0FCD-44B3-8527-7C7A20FA21E7}.Debug|Any CPU.Build.0 = Debug|Any CPU
		{64FF17A1-0FCD-44B3-8527-7C7A20FA21E7}.Debug|x64.ActiveCfg = Debug|Any CPU
		{64FF17A1-0FCD-44B3-8527-7C7A20FA21E7}.Debug|x64.Build.0 = Debug|Any CPU
		{64FF17A1-0FCD-44B3-8527-7C7A20FA21E7}.Debug|x86.ActiveCfg = Debug|Any CPU
		{64FF17A1-0FCD-44B3-8527-7C7A20FA21E7}.Debug|x86.Build.0 = Debug|Any CPU
		{64FF17A1-0FCD-44B3-8527-7C7A20FA21E7}.Release|Any CPU.ActiveCfg = Release|Any CPU
		{64FF17A1-0FCD-44B3-8527-7C7A20FA21E7}.Release|Any CPU.Build.0 = Release|Any CPU
		{64FF17A1-0FCD-44B3-8527-7C7A20FA21E7}.Release|x64.ActiveCfg = Release|Any CPU
		{64FF17A1-0FCD-44B3-8527-7C7A20FA21E7}.Release|x64.Build.0 = Release|Any CPU
		{64FF17A1-0FCD-44B3-8527-7C7A20FA21E7}.Release|x86.ActiveCfg = Release|Any CPU
		{64FF17A1-0FCD-44B3-8527-7C7A20FA21E7}.Release|x86.Build.0 = Release|Any CPU
		{2AE06FA3-2EFD-4913-AACF-D5083E6AC2B3}.Debug|Any CPU.ActiveCfg = Debug|Any CPU
		{2AE06FA3-2EFD-4913-AACF-D5083E6AC2B3}.Debug|Any CPU.Build.0 = Debug|Any CPU
		{2AE06FA3-2EFD-4913-AACF-D5083E6AC2B3}.Debug|x64.ActiveCfg = Debug|Any CPU
		{2AE06FA3-2EFD-4913-AACF-D5083E6AC2B3}.Debug|x64.Build.0 = Debug|Any CPU
		{2AE06FA3-2EFD-4913-AACF-D5083E6AC2B3}.Debug|x86.ActiveCfg = Debug|Any CPU
		{2AE06FA3-2EFD-4913-AACF-D5083E6AC2B3}.Debug|x86.Build.0 = Debug|Any CPU
		{2AE06FA3-2EFD-4913-AACF-D5083E6AC2B3}.Release|Any CPU.ActiveCfg = Release|Any CPU
		{2AE06FA3-2EFD-4913-AACF-D5083E6AC2B3}.Release|Any CPU.Build.0 = Release|Any CPU
		{2AE06FA3-2EFD-4913-AACF-D5083E6AC2B3}.Release|x64.ActiveCfg = Release|Any CPU
		{2AE06FA3-2EFD-4913-AACF-D5083E6AC2B3}.Release|x64.Build.0 = Release|Any CPU
		{2AE06FA3-2EFD-4913-AACF-D5083E6AC2B3}.Release|x86.ActiveCfg = Release|Any CPU
		{2AE06FA3-2EFD-4913-AACF-D5083E6AC2B3}.Release|x86.Build.0 = Release|Any CPU
		{B0E966FC-B5BF-454B-A0CB-C315F5EBAE2A}.Debug|Any CPU.ActiveCfg = Debug|Any CPU
		{B0E966FC-B5BF-454B-A0CB-C315F5EBAE2A}.Debug|Any CPU.Build.0 = Debug|Any CPU
		{B0E966FC-B5BF-454B-A0CB-C315F5EBAE2A}.Debug|x64.ActiveCfg = Debug|Any CPU
		{B0E966FC-B5BF-454B-A0CB-C315F5EBAE2A}.Debug|x64.Build.0 = Debug|Any CPU
		{B0E966FC-B5BF-454B-A0CB-C315F5EBAE2A}.Debug|x86.ActiveCfg = Debug|Any CPU
		{B0E966FC-B5BF-454B-A0CB-C315F5EBAE2A}.Debug|x86.Build.0 = Debug|Any CPU
		{B0E966FC-B5BF-454B-A0CB-C315F5EBAE2A}.Release|Any CPU.ActiveCfg = Release|Any CPU
		{B0E966FC-B5BF-454B-A0CB-C315F5EBAE2A}.Release|Any CPU.Build.0 = Release|Any CPU
		{B0E966FC-B5BF-454B-A0CB-C315F5EBAE2A}.Release|x64.ActiveCfg = Release|Any CPU
		{B0E966FC-B5BF-454B-A0CB-C315F5EBAE2A}.Release|x64.Build.0 = Release|Any CPU
		{B0E966FC-B5BF-454B-A0CB-C315F5EBAE2A}.Release|x86.ActiveCfg = Release|Any CPU
		{B0E966FC-B5BF-454B-A0CB-C315F5EBAE2A}.Release|x86.Build.0 = Release|Any CPU
		{A1AAABBD-93C2-46A5-82A7-F95B20BC5F2C}.Debug|Any CPU.ActiveCfg = Debug|Any CPU
		{A1AAABBD-93C2-46A5-82A7-F95B20BC5F2C}.Debug|Any CPU.Build.0 = Debug|Any CPU
		{A1AAABBD-93C2-46A5-82A7-F95B20BC5F2C}.Debug|x64.ActiveCfg = Debug|Any CPU
		{A1AAABBD-93C2-46A5-82A7-F95B20BC5F2C}.Debug|x64.Build.0 = Debug|Any CPU
		{A1AAABBD-93C2-46A5-82A7-F95B20BC5F2C}.Debug|x86.ActiveCfg = Debug|Any CPU
		{A1AAABBD-93C2-46A5-82A7-F95B20BC5F2C}.Debug|x86.Build.0 = Debug|Any CPU
		{A1AAABBD-93C2-46A5-82A7-F95B20BC5F2C}.Release|Any CPU.ActiveCfg = Release|Any CPU
		{A1AAABBD-93C2-46A5-82A7-F95B20BC5F2C}.Release|Any CPU.Build.0 = Release|Any CPU
		{A1AAABBD-93C2-46A5-82A7-F95B20BC5F2C}.Release|x64.ActiveCfg = Release|Any CPU
		{A1AAABBD-93C2-46A5-82A7-F95B20BC5F2C}.Release|x64.Build.0 = Release|Any CPU
		{A1AAABBD-93C2-46A5-82A7-F95B20BC5F2C}.Release|x86.ActiveCfg = Release|Any CPU
		{A1AAABBD-93C2-46A5-82A7-F95B20BC5F2C}.Release|x86.Build.0 = Release|Any CPU
		{6D808293-324A-4BCD-872C-C41710A23849}.Debug|Any CPU.ActiveCfg = Debug|Any CPU
		{6D808293-324A-4BCD-872C-C41710A23849}.Debug|Any CPU.Build.0 = Debug|Any CPU
		{6D808293-324A-4BCD-872C-C41710A23849}.Debug|x64.ActiveCfg = Debug|Any CPU
		{6D808293-324A-4BCD-872C-C41710A23849}.Debug|x64.Build.0 = Debug|Any CPU
		{6D808293-324A-4BCD-872C-C41710A23849}.Debug|x86.ActiveCfg = Debug|Any CPU
		{6D808293-324A-4BCD-872C-C41710A23849}.Debug|x86.Build.0 = Debug|Any CPU
		{6D808293-324A-4BCD-872C-C41710A23849}.Release|Any CPU.ActiveCfg = Release|Any CPU
		{6D808293-324A-4BCD-872C-C41710A23849}.Release|Any CPU.Build.0 = Release|Any CPU
		{6D808293-324A-4BCD-872C-C41710A23849}.Release|x64.ActiveCfg = Release|Any CPU
		{6D808293-324A-4BCD-872C-C41710A23849}.Release|x64.Build.0 = Release|Any CPU
		{6D808293-324A-4BCD-872C-C41710A23849}.Release|x86.ActiveCfg = Release|Any CPU
		{6D808293-324A-4BCD-872C-C41710A23849}.Release|x86.Build.0 = Release|Any CPU
		{5FB478BE-3A95-4756-9D65-CEDC944CCEA4}.Debug|Any CPU.ActiveCfg = Debug|Any CPU
		{5FB478BE-3A95-4756-9D65-CEDC944CCEA4}.Debug|Any CPU.Build.0 = Debug|Any CPU
		{5FB478BE-3A95-4756-9D65-CEDC944CCEA4}.Debug|x64.ActiveCfg = Debug|Any CPU
		{5FB478BE-3A95-4756-9D65-CEDC944CCEA4}.Debug|x64.Build.0 = Debug|Any CPU
		{5FB478BE-3A95-4756-9D65-CEDC944CCEA4}.Debug|x86.ActiveCfg = Debug|Any CPU
		{5FB478BE-3A95-4756-9D65-CEDC944CCEA4}.Debug|x86.Build.0 = Debug|Any CPU
		{5FB478BE-3A95-4756-9D65-CEDC944CCEA4}.Release|Any CPU.ActiveCfg = Release|Any CPU
		{5FB478BE-3A95-4756-9D65-CEDC944CCEA4}.Release|Any CPU.Build.0 = Release|Any CPU
		{5FB478BE-3A95-4756-9D65-CEDC944CCEA4}.Release|x64.ActiveCfg = Release|Any CPU
		{5FB478BE-3A95-4756-9D65-CEDC944CCEA4}.Release|x64.Build.0 = Release|Any CPU
		{5FB478BE-3A95-4756-9D65-CEDC944CCEA4}.Release|x86.ActiveCfg = Release|Any CPU
		{5FB478BE-3A95-4756-9D65-CEDC944CCEA4}.Release|x86.Build.0 = Release|Any CPU
		{166C7EDF-7E50-4BF3-A10A-443162A13B8E}.Debug|Any CPU.ActiveCfg = Debug|Any CPU
		{166C7EDF-7E50-4BF3-A10A-443162A13B8E}.Debug|Any CPU.Build.0 = Debug|Any CPU
		{166C7EDF-7E50-4BF3-A10A-443162A13B8E}.Debug|x64.ActiveCfg = Debug|Any CPU
		{166C7EDF-7E50-4BF3-A10A-443162A13B8E}.Debug|x64.Build.0 = Debug|Any CPU
		{166C7EDF-7E50-4BF3-A10A-443162A13B8E}.Debug|x86.ActiveCfg = Debug|Any CPU
		{166C7EDF-7E50-4BF3-A10A-443162A13B8E}.Debug|x86.Build.0 = Debug|Any CPU
		{166C7EDF-7E50-4BF3-A10A-443162A13B8E}.Release|Any CPU.ActiveCfg = Release|Any CPU
		{166C7EDF-7E50-4BF3-A10A-443162A13B8E}.Release|Any CPU.Build.0 = Release|Any CPU
		{166C7EDF-7E50-4BF3-A10A-443162A13B8E}.Release|x64.ActiveCfg = Release|Any CPU
		{166C7EDF-7E50-4BF3-A10A-443162A13B8E}.Release|x64.Build.0 = Release|Any CPU
		{166C7EDF-7E50-4BF3-A10A-443162A13B8E}.Release|x86.ActiveCfg = Release|Any CPU
		{166C7EDF-7E50-4BF3-A10A-443162A13B8E}.Release|x86.Build.0 = Release|Any CPU
	EndGlobalSection
	GlobalSection(SolutionProperties) = preSolution
		HideSolutionNode = FALSE
	EndGlobalSection
	GlobalSection(NestedProjects) = preSolution
		{283CC7D2-9D79-4709-B374-4E8FA3B5B54B} = {5B7767CE-AC71-47E5-BBFE-E3E8876CCAE3}
		{5FE73862-B4A3-4A0A-B6AA-160A0B00208C} = {AE81F915-5958-4F25-9C00-F71AB28DF896}
		{ADF86A45-748E-4F8A-94AF-8F54BA134A60} = {AE81F915-5958-4F25-9C00-F71AB28DF896}
		{BA3DFF6A-E428-4525-8417-2C125700C3E1} = {AE81F915-5958-4F25-9C00-F71AB28DF896}
		{0871D798-0A8B-441B-B785-E3CB58417C15} = {AE81F915-5958-4F25-9C00-F71AB28DF896}
		{283CFD35-64C3-469A-81D3-6AD72CF80D89} = {ADF86A45-748E-4F8A-94AF-8F54BA134A60}
		{D261B56A-B5BB-449B-9E94-D4E8A514FEEC} = {ADF86A45-748E-4F8A-94AF-8F54BA134A60}
		{64FF17A1-0FCD-44B3-8527-7C7A20FA21E7} = {ADF86A45-748E-4F8A-94AF-8F54BA134A60}
		{2AE06FA3-2EFD-4913-AACF-D5083E6AC2B3} = {BA3DFF6A-E428-4525-8417-2C125700C3E1}
		{B0E966FC-B5BF-454B-A0CB-C315F5EBAE2A} = {BA3DFF6A-E428-4525-8417-2C125700C3E1}
		{A1AAABBD-93C2-46A5-82A7-F95B20BC5F2C} = {BA3DFF6A-E428-4525-8417-2C125700C3E1}
		{6D808293-324A-4BCD-872C-C41710A23849} = {0871D798-0A8B-441B-B785-E3CB58417C15}
		{5FB478BE-3A95-4756-9D65-CEDC944CCEA4} = {0871D798-0A8B-441B-B785-E3CB58417C15}
		{166C7EDF-7E50-4BF3-A10A-443162A13B8E} = {BA3DFF6A-E428-4525-8417-2C125700C3E1}
	EndGlobalSection
	GlobalSection(ExtensibilityGlobals) = postSolution
		SolutionGuid = {4E776FD5-2F7B-4BBC-B3A5-88A7288FDCC7}
	EndGlobalSection
EndGlobal
