
Microsoft Visual Studio Solution File, Format Version 12.00
# Visual Studio Version 16
VisualStudioVersion = 16.0.29209.62
MinimumVisualStudioVersion = 15.0.26124.0
Project("{9A19103F-16F7-4668-BE54-9A1E7A4F7556}") = "Aksel.Service", "src\Aksel.Service\Aksel.Service.csproj", "{EE7C9209-DB71-436E-BA90-CCCD3AB43A38}"
EndProject
Project("{9A19103F-16F7-4668-BE54-9A1E7A4F7556}") = "Aksel.Repository", "src\Aksel.Repository\Aksel.Repository.csproj", "{7360DDE4-B28B-4CDD-94E9-512E3C2557BC}"
EndProject
Project("{9A19103F-16F7-4668-BE54-9A1E7A4F7556}") = "Aksel.Tests", "tests\Aksel.Tests\Aksel.Tests.csproj", "{283CC7D2-9D79-4709-B374-4E8FA3B5B54B}"
EndProject
Project("{9A19103F-16F7-4668-BE54-9A1E7A4F7556}") = "Aksel.Models", "src\Aksel.Models\Aksel.Models.csproj", "{B8575FC2-8849-4A80-92DC-F934477AE600}"
EndProject
Project("{9A19103F-16F7-4668-BE54-9A1E7A4F7556}") = "Aksel.ModelValidators", "src\Aksel.ModelValidators\Aksel.ModelValidators.csproj", "{E1B5C5D8-D8F6-487C-9ECF-CC1AAC95F5F1}"
EndProject
Project("{9A19103F-16F7-4668-BE54-9A1E7A4F7556}") = "Aksel.Auth", "src\Aksel.Auth\Aksel.Auth.csproj", "{5FE73862-B4A3-4A0A-B6AA-160A0B00208C}"
EndProject
Project("{2150E333-8FDC-42A3-9474-1A3956D46DE8}") = "src", "src", "{AE81F915-5958-4F25-9C00-F71AB28DF896}"
EndProject
Project("{2150E333-8FDC-42A3-9474-1A3956D46DE8}") = "tests", "tests", "{5B7767CE-AC71-47E5-BBFE-E3E8876CCAE3}"
EndProject
Global
	GlobalSection(SolutionConfigurationPlatforms) = preSolution
		Debug|Any CPU = Debug|Any CPU
		Debug|x64 = Debug|x64
		Debug|x86 = Debug|x86
		Release|Any CPU = Release|Any CPU
		Release|x64 = Release|x64
		Release|x86 = Release|x86
	EndGlobalSection
	GlobalSection(ProjectConfigurationPlatforms) = postSolution
		{EE7C9209-DB71-436E-BA90-CCCD3AB43A38}.Debug|Any CPU.ActiveCfg = Debug|Any CPU
		{EE7C9209-DB71-436E-BA90-CCCD3AB43A38}.Debug|Any CPU.Build.0 = Debug|Any CPU
		{EE7C9209-DB71-436E-BA90-CCCD3AB43A38}.Debug|x64.ActiveCfg = Debug|Any CPU
		{EE7C9209-DB71-436E-BA90-CCCD3AB43A38}.Debug|x64.Build.0 = Debug|Any CPU
		{EE7C9209-DB71-436E-BA90-CCCD3AB43A38}.Debug|x86.ActiveCfg = Debug|Any CPU
		{EE7C9209-DB71-436E-BA90-CCCD3AB43A38}.Debug|x86.Build.0 = Debug|Any CPU
		{EE7C9209-DB71-436E-BA90-CCCD3AB43A38}.Release|Any CPU.ActiveCfg = Release|Any CPU
		{EE7C9209-DB71-436E-BA90-CCCD3AB43A38}.Release|Any CPU.Build.0 = Release|Any CPU
		{EE7C9209-DB71-436E-BA90-CCCD3AB43A38}.Release|x64.ActiveCfg = Release|Any CPU
		{EE7C9209-DB71-436E-BA90-CCCD3AB43A38}.Release|x64.Build.0 = Release|Any CPU
		{EE7C9209-DB71-436E-BA90-CCCD3AB43A38}.Release|x86.ActiveCfg = Release|Any CPU
		{EE7C9209-DB71-436E-BA90-CCCD3AB43A38}.Release|x86.Build.0 = Release|Any CPU
		{7360DDE4-B28B-4CDD-94E9-512E3C2557BC}.Debug|Any CPU.ActiveCfg = Debug|Any CPU
		{7360DDE4-B28B-4CDD-94E9-512E3C2557BC}.Debug|Any CPU.Build.0 = Debug|Any CPU
		{7360DDE4-B28B-4CDD-94E9-512E3C2557BC}.Debug|x64.ActiveCfg = Debug|Any CPU
		{7360DDE4-B28B-4CDD-94E9-512E3C2557BC}.Debug|x64.Build.0 = Debug|Any CPU
		{7360DDE4-B28B-4CDD-94E9-512E3C2557BC}.Debug|x86.ActiveCfg = Debug|Any CPU
		{7360DDE4-B28B-4CDD-94E9-512E3C2557BC}.Debug|x86.Build.0 = Debug|Any CPU
		{7360DDE4-B28B-4CDD-94E9-512E3C2557BC}.Release|Any CPU.ActiveCfg = Release|Any CPU
		{7360DDE4-B28B-4CDD-94E9-512E3C2557BC}.Release|Any CPU.Build.0 = Release|Any CPU
		{7360DDE4-B28B-4CDD-94E9-512E3C2557BC}.Release|x64.ActiveCfg = Release|Any CPU
		{7360DDE4-B28B-4CDD-94E9-512E3C2557BC}.Release|x64.Build.0 = Release|Any CPU
		{7360DDE4-B28B-4CDD-94E9-512E3C2557BC}.Release|x86.ActiveCfg = Release|Any CPU
		{7360DDE4-B28B-4CDD-94E9-512E3C2557BC}.Release|x86.Build.0 = Release|Any CPU
		{283CC7D2-9D79-4709-B374-4E8FA3B5B54B}.Debug|Any CPU.ActiveCfg = Debug|Any CPU
		{283CC7D2-9D79-4709-B374-4E8FA3B5B54B}.Debug|Any CPU.Build.0 = Debug|Any CPU
		{283CC7D2-9D79-4709-B374-4E8FA3B5B54B}.Debug|x64.ActiveCfg = Debug|Any CPU
		{283CC7D2-9D79-4709-B374-4E8FA3B5B54B}.Debug|x64.Build.0 = Debug|Any CPU
		{283CC7D2-9D79-4709-B374-4E8FA3B5B54B}.Debug|x86.ActiveCfg = Debug|Any CPU
		{283CC7D2-9D79-4709-B374-4E8FA3B5B54B}.Debug|x86.Build.0 = Debug|Any CPU
		{283CC7D2-9D79-4709-B374-4E8FA3B5B54B}.Release|Any CPU.ActiveCfg = Release|Any CPU
		{283CC7D2-9D79-4709-B374-4E8FA3B5B54B}.Release|Any CPU.Build.0 = Release|Any CPU
		{283CC7D2-9D79-4709-B374-4E8FA3B5B54B}.Release|x64.ActiveCfg = Release|Any CPU
		{283CC7D2-9D79-4709-B374-4E8FA3B5B54B}.Release|x64.Build.0 = Release|Any CPU
		{283CC7D2-9D79-4709-B374-4E8FA3B5B54B}.Release|x86.ActiveCfg = Release|Any CPU
		{283CC7D2-9D79-4709-B374-4E8FA3B5B54B}.Release|x86.Build.0 = Release|Any CPU
		{B8575FC2-8849-4A80-92DC-F934477AE600}.Debug|Any CPU.ActiveCfg = Debug|Any CPU
		{B8575FC2-8849-4A80-92DC-F934477AE600}.Debug|Any CPU.Build.0 = Debug|Any CPU
		{B8575FC2-8849-4A80-92DC-F934477AE600}.Debug|x64.ActiveCfg = Debug|Any CPU
		{B8575FC2-8849-4A80-92DC-F934477AE600}.Debug|x64.Build.0 = Debug|Any CPU
		{B8575FC2-8849-4A80-92DC-F934477AE600}.Debug|x86.ActiveCfg = Debug|Any CPU
		{B8575FC2-8849-4A80-92DC-F934477AE600}.Debug|x86.Build.0 = Debug|Any CPU
		{B8575FC2-8849-4A80-92DC-F934477AE600}.Release|Any CPU.ActiveCfg = Release|Any CPU
		{B8575FC2-8849-4A80-92DC-F934477AE600}.Release|Any CPU.Build.0 = Release|Any CPU
		{B8575FC2-8849-4A80-92DC-F934477AE600}.Release|x64.ActiveCfg = Release|Any CPU
		{B8575FC2-8849-4A80-92DC-F934477AE600}.Release|x64.Build.0 = Release|Any CPU
		{B8575FC2-8849-4A80-92DC-F934477AE600}.Release|x86.ActiveCfg = Release|Any CPU
		{B8575FC2-8849-4A80-92DC-F934477AE600}.Release|x86.Build.0 = Release|Any CPU
		{E1B5C5D8-D8F6-487C-9ECF-CC1AAC95F5F1}.Debug|Any CPU.ActiveCfg = Debug|Any CPU
		{E1B5C5D8-D8F6-487C-9ECF-CC1AAC95F5F1}.Debug|Any CPU.Build.0 = Debug|Any CPU
		{E1B5C5D8-D8F6-487C-9ECF-CC1AAC95F5F1}.Debug|x64.ActiveCfg = Debug|Any CPU
		{E1B5C5D8-D8F6-487C-9ECF-CC1AAC95F5F1}.Debug|x64.Build.0 = Debug|Any CPU
		{E1B5C5D8-D8F6-487C-9ECF-CC1AAC95F5F1}.Debug|x86.ActiveCfg = Debug|Any CPU
		{E1B5C5D8-D8F6-487C-9ECF-CC1AAC95F5F1}.Debug|x86.Build.0 = Debug|Any CPU
		{E1B5C5D8-D8F6-487C-9ECF-CC1AAC95F5F1}.Release|Any CPU.ActiveCfg = Release|Any CPU
		{E1B5C5D8-D8F6-487C-9ECF-CC1AAC95F5F1}.Release|Any CPU.Build.0 = Release|Any CPU
		{E1B5C5D8-D8F6-487C-9ECF-CC1AAC95F5F1}.Release|x64.ActiveCfg = Release|Any CPU
		{E1B5C5D8-D8F6-487C-9ECF-CC1AAC95F5F1}.Release|x64.Build.0 = Release|Any CPU
		{E1B5C5D8-D8F6-487C-9ECF-CC1AAC95F5F1}.Release|x86.ActiveCfg = Release|Any CPU
		{E1B5C5D8-D8F6-487C-9ECF-CC1AAC95F5F1}.Release|x86.Build.0 = Release|Any CPU
		{5FE73862-B4A3-4A0A-B6AA-160A0B00208C}.Debug|Any CPU.ActiveCfg = Debug|Any CPU
		{5FE73862-B4A3-4A0A-B6AA-160A0B00208C}.Debug|Any CPU.Build.0 = Debug|Any CPU
		{5FE73862-B4A3-4A0A-B6AA-160A0B00208C}.Debug|x64.ActiveCfg = Debug|Any CPU
		{5FE73862-B4A3-4A0A-B6AA-160A0B00208C}.Debug|x64.Build.0 = Debug|Any CPU
		{5FE73862-B4A3-4A0A-B6AA-160A0B00208C}.Debug|x86.ActiveCfg = Debug|Any CPU
		{5FE73862-B4A3-4A0A-B6AA-160A0B00208C}.Debug|x86.Build.0 = Debug|Any CPU
		{5FE73862-B4A3-4A0A-B6AA-160A0B00208C}.Release|Any CPU.ActiveCfg = Release|Any CPU
		{5FE73862-B4A3-4A0A-B6AA-160A0B00208C}.Release|Any CPU.Build.0 = Release|Any CPU
		{5FE73862-B4A3-4A0A-B6AA-160A0B00208C}.Release|x64.ActiveCfg = Release|Any CPU
		{5FE73862-B4A3-4A0A-B6AA-160A0B00208C}.Release|x64.Build.0 = Release|Any CPU
		{5FE73862-B4A3-4A0A-B6AA-160A0B00208C}.Release|x86.ActiveCfg = Release|Any CPU
		{5FE73862-B4A3-4A0A-B6AA-160A0B00208C}.Release|x86.Build.0 = Release|Any CPU
	EndGlobalSection
	GlobalSection(SolutionProperties) = preSolution
		HideSolutionNode = FALSE
	EndGlobalSection
	GlobalSection(NestedProjects) = preSolution
		{EE7C9209-DB71-436E-BA90-CCCD3AB43A38} = {AE81F915-5958-4F25-9C00-F71AB28DF896}
		{7360DDE4-B28B-4CDD-94E9-512E3C2557BC} = {AE81F915-5958-4F25-9C00-F71AB28DF896}
		{283CC7D2-9D79-4709-B374-4E8FA3B5B54B} = {5B7767CE-AC71-47E5-BBFE-E3E8876CCAE3}
		{B8575FC2-8849-4A80-92DC-F934477AE600} = {AE81F915-5958-4F25-9C00-F71AB28DF896}
		{E1B5C5D8-D8F6-487C-9ECF-CC1AAC95F5F1} = {AE81F915-5958-4F25-9C00-F71AB28DF896}
		{5FE73862-B4A3-4A0A-B6AA-160A0B00208C} = {AE81F915-5958-4F25-9C00-F71AB28DF896}
	EndGlobalSection
	GlobalSection(ExtensibilityGlobals) = postSolution
		SolutionGuid = {4E776FD5-2F7B-4BBC-B3A5-88A7288FDCC7}
	EndGlobalSection
EndGlobal
