
Microsoft Visual Studio Solution File, Format Version 12.00
# Visual Studio Version 16
VisualStudioVersion = 16.0.29519.87
MinimumVisualStudioVersion = 15.0.26124.0
Project("{9A19103F-16F7-4668-BE54-9A1E7A4F7556}") = "Aksel.Api", "src\Aksel.Api\Aksel.Api.csproj", "{9E0A90E0-57AD-4FA2-AEF8-19E49D040A2E}"
EndProject
Project("{9A19103F-16F7-4668-BE54-9A1E7A4F7556}") = "Aksel.Repository", "src\Database\Aksel.Repository\Aksel.Repository.csproj", "{7360DDE4-B28B-4CDD-94E9-512E3C2557BC}"
EndProject
Project("{2150E333-8FDC-42A3-9474-1A3956D46DE8}") = "src", "src", "{2A4F00DF-83AF-44EC-B539-2D0AA77F359B}"
EndProject
Project("{2150E333-8FDC-42A3-9474-1A3956D46DE8}") = "tests", "tests", "{FC960463-E74F-424B-9384-B6D8E0F0F769}"
EndProject
Project("{9A19103F-16F7-4668-BE54-9A1E7A4F7556}") = "Aksel.Tests", "tests\Aksel.Tests\Aksel.Tests.csproj", "{9DBE1822-5C11-419B-9ABF-6ABCCA48FFC4}"
EndProject
Project("{2150E333-8FDC-42A3-9474-1A3956D46DE8}") = "Database", "Database", "{BAA020D8-EA26-4582-8449-63901CE3EB6C}"
EndProject
Project("{9A19103F-16F7-4668-BE54-9A1E7A4F7556}") = "Aksel.Repository.Entities", "src\Database\Aksel.Repository.Entities\Aksel.Repository.Entities.csproj", "{64C4813A-3DD1-49A4-98D3-9DA644D5EB4A}"
EndProject
Project("{9A19103F-16F7-4668-BE54-9A1E7A4F7556}") = "Aksel.Repository.Module", "src\Database\Aksel.Repository.Module\Aksel.Repository.Module.csproj", "{684AFB18-548E-418F-890F-5CEE1A06DE7C}"
EndProject
Project("{2150E333-8FDC-42A3-9474-1A3956D46DE8}") = "Service", "Service", "{6BE5E09C-4B28-4BE0-B287-D6E4D5CFCA3D}"
EndProject
Project("{9A19103F-16F7-4668-BE54-9A1E7A4F7556}") = "Aksel.Service", "src\Service\Aksel.Service\Aksel.Service.csproj", "{1994EB02-4760-4698-82B2-F832AA6264BB}"
EndProject
Project("{9A19103F-16F7-4668-BE54-9A1E7A4F7556}") = "Aksel.Service.Module", "src\Service\Aksel.Service.Modules\Aksel.Service.Module.csproj", "{B00C99E8-1B0E-430D-A61C-0931C2BAAABD}"
EndProject
Project("{2150E333-8FDC-42A3-9474-1A3956D46DE8}") = "Models", "Models", "{AB58D68B-A0CE-4E22-8465-038904A1445A}"
EndProject
Project("{9A19103F-16F7-4668-BE54-9A1E7A4F7556}") = "Aksel.Models", "src\Models\Aksel.Models\Aksel.Models.csproj", "{B030B6CE-7291-4850-BE45-AA0F7407366A}"
EndProject
Project("{9A19103F-16F7-4668-BE54-9A1E7A4F7556}") = "Aksel.ModelValidators", "src\Models\Aksel.ModelValidators\Aksel.ModelValidators.csproj", "{361621BF-18ED-4EC9-B179-739327E103F3}"
EndProject
Project("{FAE04EC0-301F-11D3-BF4B-00C04F79EFBC}") = "Aksel.AutomapperMappings", "src\Models\Aksel.AutomapperMappings\Aksel.AutomapperMappings.csproj", "{A62B8496-4581-4F19-A716-7824C915DAFD}"
EndProject
Global
	GlobalSection(SolutionConfigurationPlatforms) = preSolution
		Debug|Any CPU = Debug|Any CPU
		Debug|x64 = Debug|x64
		Debug|x86 = Debug|x86
		Release|Any CPU = Release|Any CPU
		Release|x64 = Release|x64
		Release|x86 = Release|x86
	EndGlobalSection
	GlobalSection(ProjectConfigurationPlatforms) = postSolution
		{9E0A90E0-57AD-4FA2-AEF8-19E49D040A2E}.Debug|Any CPU.ActiveCfg = Debug|Any CPU
		{9E0A90E0-57AD-4FA2-AEF8-19E49D040A2E}.Debug|Any CPU.Build.0 = Debug|Any CPU
		{9E0A90E0-57AD-4FA2-AEF8-19E49D040A2E}.Debug|x64.ActiveCfg = Debug|Any CPU
		{9E0A90E0-57AD-4FA2-AEF8-19E49D040A2E}.Debug|x64.Build.0 = Debug|Any CPU
		{9E0A90E0-57AD-4FA2-AEF8-19E49D040A2E}.Debug|x86.ActiveCfg = Debug|Any CPU
		{9E0A90E0-57AD-4FA2-AEF8-19E49D040A2E}.Debug|x86.Build.0 = Debug|Any CPU
		{9E0A90E0-57AD-4FA2-AEF8-19E49D040A2E}.Release|Any CPU.ActiveCfg = Release|Any CPU
		{9E0A90E0-57AD-4FA2-AEF8-19E49D040A2E}.Release|Any CPU.Build.0 = Release|Any CPU
		{9E0A90E0-57AD-4FA2-AEF8-19E49D040A2E}.Release|x64.ActiveCfg = Release|Any CPU
		{9E0A90E0-57AD-4FA2-AEF8-19E49D040A2E}.Release|x64.Build.0 = Release|Any CPU
		{9E0A90E0-57AD-4FA2-AEF8-19E49D040A2E}.Release|x86.ActiveCfg = Release|Any CPU
		{9E0A90E0-57AD-4FA2-AEF8-19E49D040A2E}.Release|x86.Build.0 = Release|Any CPU
		{7360DDE4-B28B-4CDD-94E9-512E3C2557BC}.Debug|Any CPU.ActiveCfg = Debug|Any CPU
		{7360DDE4-B28B-4CDD-94E9-512E3C2557BC}.Debug|Any CPU.Build.0 = Debug|Any CPU
		{7360DDE4-B28B-4CDD-94E9-512E3C2557BC}.Debug|x64.ActiveCfg = Debug|Any CPU
		{7360DDE4-B28B-4CDD-94E9-512E3C2557BC}.Debug|x64.Build.0 = Debug|Any CPU
		{7360DDE4-B28B-4CDD-94E9-512E3C2557BC}.Debug|x86.ActiveCfg = Debug|Any CPU
		{7360DDE4-B28B-4CDD-94E9-512E3C2557BC}.Debug|x86.Build.0 = Debug|Any CPU
		{7360DDE4-B28B-4CDD-94E9-512E3C2557BC}.Release|Any CPU.ActiveCfg = Release|Any CPU
		{7360DDE4-B28B-4CDD-94E9-512E3C2557BC}.Release|Any CPU.Build.0 = Release|Any CPU
		{7360DDE4-B28B-4CDD-94E9-512E3C2557BC}.Release|x64.ActiveCfg = Release|Any CPU
		{7360DDE4-B28B-4CDD-94E9-512E3C2557BC}.Release|x64.Build.0 = Release|Any CPU
		{7360DDE4-B28B-4CDD-94E9-512E3C2557BC}.Release|x86.ActiveCfg = Release|Any CPU
		{7360DDE4-B28B-4CDD-94E9-512E3C2557BC}.Release|x86.Build.0 = Release|Any CPU
		{9DBE1822-5C11-419B-9ABF-6ABCCA48FFC4}.Debug|Any CPU.ActiveCfg = Debug|Any CPU
		{9DBE1822-5C11-419B-9ABF-6ABCCA48FFC4}.Debug|Any CPU.Build.0 = Debug|Any CPU
		{9DBE1822-5C11-419B-9ABF-6ABCCA48FFC4}.Debug|x64.ActiveCfg = Debug|Any CPU
		{9DBE1822-5C11-419B-9ABF-6ABCCA48FFC4}.Debug|x64.Build.0 = Debug|Any CPU
		{9DBE1822-5C11-419B-9ABF-6ABCCA48FFC4}.Debug|x86.ActiveCfg = Debug|Any CPU
		{9DBE1822-5C11-419B-9ABF-6ABCCA48FFC4}.Debug|x86.Build.0 = Debug|Any CPU
		{9DBE1822-5C11-419B-9ABF-6ABCCA48FFC4}.Release|Any CPU.ActiveCfg = Release|Any CPU
		{9DBE1822-5C11-419B-9ABF-6ABCCA48FFC4}.Release|Any CPU.Build.0 = Release|Any CPU
		{9DBE1822-5C11-419B-9ABF-6ABCCA48FFC4}.Release|x64.ActiveCfg = Release|Any CPU
		{9DBE1822-5C11-419B-9ABF-6ABCCA48FFC4}.Release|x64.Build.0 = Release|Any CPU
		{9DBE1822-5C11-419B-9ABF-6ABCCA48FFC4}.Release|x86.ActiveCfg = Release|Any CPU
		{9DBE1822-5C11-419B-9ABF-6ABCCA48FFC4}.Release|x86.Build.0 = Release|Any CPU
		{64C4813A-3DD1-49A4-98D3-9DA644D5EB4A}.Debug|Any CPU.ActiveCfg = Debug|Any CPU
		{64C4813A-3DD1-49A4-98D3-9DA644D5EB4A}.Debug|Any CPU.Build.0 = Debug|Any CPU
		{64C4813A-3DD1-49A4-98D3-9DA644D5EB4A}.Debug|x64.ActiveCfg = Debug|Any CPU
		{64C4813A-3DD1-49A4-98D3-9DA644D5EB4A}.Debug|x64.Build.0 = Debug|Any CPU
		{64C4813A-3DD1-49A4-98D3-9DA644D5EB4A}.Debug|x86.ActiveCfg = Debug|Any CPU
		{64C4813A-3DD1-49A4-98D3-9DA644D5EB4A}.Debug|x86.Build.0 = Debug|Any CPU
		{64C4813A-3DD1-49A4-98D3-9DA644D5EB4A}.Release|Any CPU.ActiveCfg = Release|Any CPU
		{64C4813A-3DD1-49A4-98D3-9DA644D5EB4A}.Release|Any CPU.Build.0 = Release|Any CPU
		{64C4813A-3DD1-49A4-98D3-9DA644D5EB4A}.Release|x64.ActiveCfg = Release|Any CPU
		{64C4813A-3DD1-49A4-98D3-9DA644D5EB4A}.Release|x64.Build.0 = Release|Any CPU
		{64C4813A-3DD1-49A4-98D3-9DA644D5EB4A}.Release|x86.ActiveCfg = Release|Any CPU
		{64C4813A-3DD1-49A4-98D3-9DA644D5EB4A}.Release|x86.Build.0 = Release|Any CPU
		{684AFB18-548E-418F-890F-5CEE1A06DE7C}.Debug|Any CPU.ActiveCfg = Debug|Any CPU
		{684AFB18-548E-418F-890F-5CEE1A06DE7C}.Debug|Any CPU.Build.0 = Debug|Any CPU
		{684AFB18-548E-418F-890F-5CEE1A06DE7C}.Debug|x64.ActiveCfg = Debug|Any CPU
		{684AFB18-548E-418F-890F-5CEE1A06DE7C}.Debug|x64.Build.0 = Debug|Any CPU
		{684AFB18-548E-418F-890F-5CEE1A06DE7C}.Debug|x86.ActiveCfg = Debug|Any CPU
		{684AFB18-548E-418F-890F-5CEE1A06DE7C}.Debug|x86.Build.0 = Debug|Any CPU
		{684AFB18-548E-418F-890F-5CEE1A06DE7C}.Release|Any CPU.ActiveCfg = Release|Any CPU
		{684AFB18-548E-418F-890F-5CEE1A06DE7C}.Release|Any CPU.Build.0 = Release|Any CPU
		{684AFB18-548E-418F-890F-5CEE1A06DE7C}.Release|x64.ActiveCfg = Release|Any CPU
		{684AFB18-548E-418F-890F-5CEE1A06DE7C}.Release|x64.Build.0 = Release|Any CPU
		{684AFB18-548E-418F-890F-5CEE1A06DE7C}.Release|x86.ActiveCfg = Release|Any CPU
		{684AFB18-548E-418F-890F-5CEE1A06DE7C}.Release|x86.Build.0 = Release|Any CPU
		{1994EB02-4760-4698-82B2-F832AA6264BB}.Debug|Any CPU.ActiveCfg = Debug|Any CPU
		{1994EB02-4760-4698-82B2-F832AA6264BB}.Debug|Any CPU.Build.0 = Debug|Any CPU
		{1994EB02-4760-4698-82B2-F832AA6264BB}.Debug|x64.ActiveCfg = Debug|Any CPU
		{1994EB02-4760-4698-82B2-F832AA6264BB}.Debug|x64.Build.0 = Debug|Any CPU
		{1994EB02-4760-4698-82B2-F832AA6264BB}.Debug|x86.ActiveCfg = Debug|Any CPU
		{1994EB02-4760-4698-82B2-F832AA6264BB}.Debug|x86.Build.0 = Debug|Any CPU
		{1994EB02-4760-4698-82B2-F832AA6264BB}.Release|Any CPU.ActiveCfg = Release|Any CPU
		{1994EB02-4760-4698-82B2-F832AA6264BB}.Release|Any CPU.Build.0 = Release|Any CPU
		{1994EB02-4760-4698-82B2-F832AA6264BB}.Release|x64.ActiveCfg = Release|Any CPU
		{1994EB02-4760-4698-82B2-F832AA6264BB}.Release|x64.Build.0 = Release|Any CPU
		{1994EB02-4760-4698-82B2-F832AA6264BB}.Release|x86.ActiveCfg = Release|Any CPU
		{1994EB02-4760-4698-82B2-F832AA6264BB}.Release|x86.Build.0 = Release|Any CPU
		{B00C99E8-1B0E-430D-A61C-0931C2BAAABD}.Debug|Any CPU.ActiveCfg = Debug|Any CPU
		{B00C99E8-1B0E-430D-A61C-0931C2BAAABD}.Debug|Any CPU.Build.0 = Debug|Any CPU
		{B00C99E8-1B0E-430D-A61C-0931C2BAAABD}.Debug|x64.ActiveCfg = Debug|Any CPU
		{B00C99E8-1B0E-430D-A61C-0931C2BAAABD}.Debug|x64.Build.0 = Debug|Any CPU
		{B00C99E8-1B0E-430D-A61C-0931C2BAAABD}.Debug|x86.ActiveCfg = Debug|Any CPU
		{B00C99E8-1B0E-430D-A61C-0931C2BAAABD}.Debug|x86.Build.0 = Debug|Any CPU
		{B00C99E8-1B0E-430D-A61C-0931C2BAAABD}.Release|Any CPU.ActiveCfg = Release|Any CPU
		{B00C99E8-1B0E-430D-A61C-0931C2BAAABD}.Release|Any CPU.Build.0 = Release|Any CPU
		{B00C99E8-1B0E-430D-A61C-0931C2BAAABD}.Release|x64.ActiveCfg = Release|Any CPU
		{B00C99E8-1B0E-430D-A61C-0931C2BAAABD}.Release|x64.Build.0 = Release|Any CPU
		{B00C99E8-1B0E-430D-A61C-0931C2BAAABD}.Release|x86.ActiveCfg = Release|Any CPU
		{B00C99E8-1B0E-430D-A61C-0931C2BAAABD}.Release|x86.Build.0 = Release|Any CPU
		{B030B6CE-7291-4850-BE45-AA0F7407366A}.Debug|Any CPU.ActiveCfg = Debug|Any CPU
		{B030B6CE-7291-4850-BE45-AA0F7407366A}.Debug|Any CPU.Build.0 = Debug|Any CPU
		{B030B6CE-7291-4850-BE45-AA0F7407366A}.Debug|x64.ActiveCfg = Debug|Any CPU
		{B030B6CE-7291-4850-BE45-AA0F7407366A}.Debug|x64.Build.0 = Debug|Any CPU
		{B030B6CE-7291-4850-BE45-AA0F7407366A}.Debug|x86.ActiveCfg = Debug|Any CPU
		{B030B6CE-7291-4850-BE45-AA0F7407366A}.Debug|x86.Build.0 = Debug|Any CPU
		{B030B6CE-7291-4850-BE45-AA0F7407366A}.Release|Any CPU.ActiveCfg = Release|Any CPU
		{B030B6CE-7291-4850-BE45-AA0F7407366A}.Release|Any CPU.Build.0 = Release|Any CPU
		{B030B6CE-7291-4850-BE45-AA0F7407366A}.Release|x64.ActiveCfg = Release|Any CPU
		{B030B6CE-7291-4850-BE45-AA0F7407366A}.Release|x64.Build.0 = Release|Any CPU
		{B030B6CE-7291-4850-BE45-AA0F7407366A}.Release|x86.ActiveCfg = Release|Any CPU
		{B030B6CE-7291-4850-BE45-AA0F7407366A}.Release|x86.Build.0 = Release|Any CPU
		{361621BF-18ED-4EC9-B179-739327E103F3}.Debug|Any CPU.ActiveCfg = Debug|Any CPU
		{361621BF-18ED-4EC9-B179-739327E103F3}.Debug|Any CPU.Build.0 = Debug|Any CPU
		{361621BF-18ED-4EC9-B179-739327E103F3}.Debug|x64.ActiveCfg = Debug|Any CPU
		{361621BF-18ED-4EC9-B179-739327E103F3}.Debug|x64.Build.0 = Debug|Any CPU
		{361621BF-18ED-4EC9-B179-739327E103F3}.Debug|x86.ActiveCfg = Debug|Any CPU
		{361621BF-18ED-4EC9-B179-739327E103F3}.Debug|x86.Build.0 = Debug|Any CPU
		{361621BF-18ED-4EC9-B179-739327E103F3}.Release|Any CPU.ActiveCfg = Release|Any CPU
		{361621BF-18ED-4EC9-B179-739327E103F3}.Release|Any CPU.Build.0 = Release|Any CPU
		{361621BF-18ED-4EC9-B179-739327E103F3}.Release|x64.ActiveCfg = Release|Any CPU
		{361621BF-18ED-4EC9-B179-739327E103F3}.Release|x64.Build.0 = Release|Any CPU
		{361621BF-18ED-4EC9-B179-739327E103F3}.Release|x86.ActiveCfg = Release|Any CPU
		{361621BF-18ED-4EC9-B179-739327E103F3}.Release|x86.Build.0 = Release|Any CPU
		{A62B8496-4581-4F19-A716-7824C915DAFD}.Debug|Any CPU.ActiveCfg = Debug|Any CPU
		{A62B8496-4581-4F19-A716-7824C915DAFD}.Debug|Any CPU.Build.0 = Debug|Any CPU
		{A62B8496-4581-4F19-A716-7824C915DAFD}.Debug|x64.ActiveCfg = Debug|Any CPU
		{A62B8496-4581-4F19-A716-7824C915DAFD}.Debug|x64.Build.0 = Debug|Any CPU
		{A62B8496-4581-4F19-A716-7824C915DAFD}.Debug|x86.ActiveCfg = Debug|Any CPU
		{A62B8496-4581-4F19-A716-7824C915DAFD}.Debug|x86.Build.0 = Debug|Any CPU
		{A62B8496-4581-4F19-A716-7824C915DAFD}.Release|Any CPU.ActiveCfg = Release|Any CPU
		{A62B8496-4581-4F19-A716-7824C915DAFD}.Release|Any CPU.Build.0 = Release|Any CPU
		{A62B8496-4581-4F19-A716-7824C915DAFD}.Release|x64.ActiveCfg = Release|Any CPU
		{A62B8496-4581-4F19-A716-7824C915DAFD}.Release|x64.Build.0 = Release|Any CPU
		{A62B8496-4581-4F19-A716-7824C915DAFD}.Release|x86.ActiveCfg = Release|Any CPU
		{A62B8496-4581-4F19-A716-7824C915DAFD}.Release|x86.Build.0 = Release|Any CPU
	EndGlobalSection
	GlobalSection(SolutionProperties) = preSolution
		HideSolutionNode = FALSE
	EndGlobalSection
	GlobalSection(NestedProjects) = preSolution
		{9E0A90E0-57AD-4FA2-AEF8-19E49D040A2E} = {2A4F00DF-83AF-44EC-B539-2D0AA77F359B}
		{7360DDE4-B28B-4CDD-94E9-512E3C2557BC} = {BAA020D8-EA26-4582-8449-63901CE3EB6C}
		{9DBE1822-5C11-419B-9ABF-6ABCCA48FFC4} = {FC960463-E74F-424B-9384-B6D8E0F0F769}
		{BAA020D8-EA26-4582-8449-63901CE3EB6C} = {2A4F00DF-83AF-44EC-B539-2D0AA77F359B}
		{64C4813A-3DD1-49A4-98D3-9DA644D5EB4A} = {BAA020D8-EA26-4582-8449-63901CE3EB6C}
		{684AFB18-548E-418F-890F-5CEE1A06DE7C} = {BAA020D8-EA26-4582-8449-63901CE3EB6C}
		{6BE5E09C-4B28-4BE0-B287-D6E4D5CFCA3D} = {2A4F00DF-83AF-44EC-B539-2D0AA77F359B}
		{1994EB02-4760-4698-82B2-F832AA6264BB} = {6BE5E09C-4B28-4BE0-B287-D6E4D5CFCA3D}
		{B00C99E8-1B0E-430D-A61C-0931C2BAAABD} = {6BE5E09C-4B28-4BE0-B287-D6E4D5CFCA3D}
		{AB58D68B-A0CE-4E22-8465-038904A1445A} = {2A4F00DF-83AF-44EC-B539-2D0AA77F359B}
		{B030B6CE-7291-4850-BE45-AA0F7407366A} = {AB58D68B-A0CE-4E22-8465-038904A1445A}
		{361621BF-18ED-4EC9-B179-739327E103F3} = {AB58D68B-A0CE-4E22-8465-038904A1445A}
		{A62B8496-4581-4F19-A716-7824C915DAFD} = {AB58D68B-A0CE-4E22-8465-038904A1445A}
	EndGlobalSection
	GlobalSection(ExtensibilityGlobals) = postSolution
		SolutionGuid = {681C6B29-7866-47F3-B756-1E44A4833A7F}
	EndGlobalSection
EndGlobal
