
Microsoft Visual Studio Solution File, Format Version 12.00
# Visual Studio Version 16
VisualStudioVersion = 16.0.29519.87
MinimumVisualStudioVersion = 15.0.26124.0
Project("{9A19103F-16F7-4668-BE54-9A1E7A4F7556}") = "Aksel.Api", "src\Aksel.Api\Aksel.Api.csproj", "{9E0A90E0-57AD-4FA2-AEF8-19E49D040A2E}"
EndProject
Project("{9A19103F-16F7-4668-BE54-9A1E7A4F7556}") = "Aksel.Service", "src\Aksel.Service\Aksel.Service.csproj", "{EE7C9209-DB71-436E-BA90-CCCD3AB43A38}"
EndProject
Project("{9A19103F-16F7-4668-BE54-9A1E7A4F7556}") = "Aksel.Repository", "src\Aksel.Repository\Aksel.Repository.csproj", "{7360DDE4-B28B-4CDD-94E9-512E3C2557BC}"
EndProject
Project("{9A19103F-16F7-4668-BE54-9A1E7A4F7556}") = "Aksel.Models", "src\Aksel.Models\Aksel.Models.csproj", "{B8575FC2-8849-4A80-92DC-F934477AE600}"
EndProject
Project("{9A19103F-16F7-4668-BE54-9A1E7A4F7556}") = "Aksel.ModelValidators", "src\Aksel.ModelValidators\Aksel.ModelValidators.csproj", "{E1B5C5D8-D8F6-487C-9ECF-CC1AAC95F5F1}"
EndProject
Project("{2150E333-8FDC-42A3-9474-1A3956D46DE8}") = "src", "src", "{2A4F00DF-83AF-44EC-B539-2D0AA77F359B}"
EndProject
Project("{2150E333-8FDC-42A3-9474-1A3956D46DE8}") = "tests", "tests", "{FC960463-E74F-424B-9384-B6D8E0F0F769}"
EndProject
Project("{9A19103F-16F7-4668-BE54-9A1E7A4F7556}") = "Aksel.Tests", "tests\Aksel.Tests\Aksel.Tests.csproj", "{9DBE1822-5C11-419B-9ABF-6ABCCA48FFC4}"
EndProject
Global
	GlobalSection(SolutionConfigurationPlatforms) = preSolution
		Debug|Any CPU = Debug|Any CPU
		Debug|x64 = Debug|x64
		Debug|x86 = Debug|x86
		Release|Any CPU = Release|Any CPU
		Release|x64 = Release|x64
		Release|x86 = Release|x86
	EndGlobalSection
	GlobalSection(ProjectConfigurationPlatforms) = postSolution
		{9E0A90E0-57AD-4FA2-AEF8-19E49D040A2E}.Debug|Any CPU.ActiveCfg = Debug|Any CPU
		{9E0A90E0-57AD-4FA2-AEF8-19E49D040A2E}.Debug|Any CPU.Build.0 = Debug|Any CPU
		{9E0A90E0-57AD-4FA2-AEF8-19E49D040A2E}.Debug|x64.ActiveCfg = Debug|Any CPU
		{9E0A90E0-57AD-4FA2-AEF8-19E49D040A2E}.Debug|x64.Build.0 = Debug|Any CPU
		{9E0A90E0-57AD-4FA2-AEF8-19E49D040A2E}.Debug|x86.ActiveCfg = Debug|Any CPU
		{9E0A90E0-57AD-4FA2-AEF8-19E49D040A2E}.Debug|x86.Build.0 = Debug|Any CPU
		{9E0A90E0-57AD-4FA2-AEF8-19E49D040A2E}.Release|Any CPU.ActiveCfg = Release|Any CPU
		{9E0A90E0-57AD-4FA2-AEF8-19E49D040A2E}.Release|Any CPU.Build.0 = Release|Any CPU
		{9E0A90E0-57AD-4FA2-AEF8-19E49D040A2E}.Release|x64.ActiveCfg = Release|Any CPU
		{9E0A90E0-57AD-4FA2-AEF8-19E49D040A2E}.Release|x64.Build.0 = Release|Any CPU
		{9E0A90E0-57AD-4FA2-AEF8-19E49D040A2E}.Release|x86.ActiveCfg = Release|Any CPU
		{9E0A90E0-57AD-4FA2-AEF8-19E49D040A2E}.Release|x86.Build.0 = Release|Any CPU
		{EE7C9209-DB71-436E-BA90-CCCD3AB43A38}.Debug|Any CPU.ActiveCfg = Debug|Any CPU
		{EE7C9209-DB71-436E-BA90-CCCD3AB43A38}.Debug|Any CPU.Build.0 = Debug|Any CPU
		{EE7C9209-DB71-436E-BA90-CCCD3AB43A38}.Debug|x64.ActiveCfg = Debug|Any CPU
		{EE7C9209-DB71-436E-BA90-CCCD3AB43A38}.Debug|x64.Build.0 = Debug|Any CPU
		{EE7C9209-DB71-436E-BA90-CCCD3AB43A38}.Debug|x86.ActiveCfg = Debug|Any CPU
		{EE7C9209-DB71-436E-BA90-CCCD3AB43A38}.Debug|x86.Build.0 = Debug|Any CPU
		{EE7C9209-DB71-436E-BA90-CCCD3AB43A38}.Release|Any CPU.ActiveCfg = Release|Any CPU
		{EE7C9209-DB71-436E-BA90-CCCD3AB43A38}.Release|Any CPU.Build.0 = Release|Any CPU
		{EE7C9209-DB71-436E-BA90-CCCD3AB43A38}.Release|x64.ActiveCfg = Release|Any CPU
		{EE7C9209-DB71-436E-BA90-CCCD3AB43A38}.Release|x64.Build.0 = Release|Any CPU
		{EE7C9209-DB71-436E-BA90-CCCD3AB43A38}.Release|x86.ActiveCfg = Release|Any CPU
		{EE7C9209-DB71-436E-BA90-CCCD3AB43A38}.Release|x86.Build.0 = Release|Any CPU
		{7360DDE4-B28B-4CDD-94E9-512E3C2557BC}.Debug|Any CPU.ActiveCfg = Debug|Any CPU
		{7360DDE4-B28B-4CDD-94E9-512E3C2557BC}.Debug|Any CPU.Build.0 = Debug|Any CPU
		{7360DDE4-B28B-4CDD-94E9-512E3C2557BC}.Debug|x64.ActiveCfg = Debug|Any CPU
		{7360DDE4-B28B-4CDD-94E9-512E3C2557BC}.Debug|x64.Build.0 = Debug|Any CPU
		{7360DDE4-B28B-4CDD-94E9-512E3C2557BC}.Debug|x86.ActiveCfg = Debug|Any CPU
		{7360DDE4-B28B-4CDD-94E9-512E3C2557BC}.Debug|x86.Build.0 = Debug|Any CPU
		{7360DDE4-B28B-4CDD-94E9-512E3C2557BC}.Release|Any CPU.ActiveCfg = Release|Any CPU
		{7360DDE4-B28B-4CDD-94E9-512E3C2557BC}.Release|Any CPU.Build.0 = Release|Any CPU
		{7360DDE4-B28B-4CDD-94E9-512E3C2557BC}.Release|x64.ActiveCfg = Release|Any CPU
		{7360DDE4-B28B-4CDD-94E9-512E3C2557BC}.Release|x64.Build.0 = Release|Any CPU
		{7360DDE4-B28B-4CDD-94E9-512E3C2557BC}.Release|x86.ActiveCfg = Release|Any CPU
		{7360DDE4-B28B-4CDD-94E9-512E3C2557BC}.Release|x86.Build.0 = Release|Any CPU
		{B8575FC2-8849-4A80-92DC-F934477AE600}.Debug|Any CPU.ActiveCfg = Debug|Any CPU
		{B8575FC2-8849-4A80-92DC-F934477AE600}.Debug|Any CPU.Build.0 = Debug|Any CPU
		{B8575FC2-8849-4A80-92DC-F934477AE600}.Debug|x64.ActiveCfg = Debug|Any CPU
		{B8575FC2-8849-4A80-92DC-F934477AE600}.Debug|x64.Build.0 = Debug|Any CPU
		{B8575FC2-8849-4A80-92DC-F934477AE600}.Debug|x86.ActiveCfg = Debug|Any CPU
		{B8575FC2-8849-4A80-92DC-F934477AE600}.Debug|x86.Build.0 = Debug|Any CPU
		{B8575FC2-8849-4A80-92DC-F934477AE600}.Release|Any CPU.ActiveCfg = Release|Any CPU
		{B8575FC2-8849-4A80-92DC-F934477AE600}.Release|Any CPU.Build.0 = Release|Any CPU
		{B8575FC2-8849-4A80-92DC-F934477AE600}.Release|x64.ActiveCfg = Release|Any CPU
		{B8575FC2-8849-4A80-92DC-F934477AE600}.Release|x64.Build.0 = Release|Any CPU
		{B8575FC2-8849-4A80-92DC-F934477AE600}.Release|x86.ActiveCfg = Release|Any CPU
		{B8575FC2-8849-4A80-92DC-F934477AE600}.Release|x86.Build.0 = Release|Any CPU
		{E1B5C5D8-D8F6-487C-9ECF-CC1AAC95F5F1}.Debug|Any CPU.ActiveCfg = Debug|Any CPU
		{E1B5C5D8-D8F6-487C-9ECF-CC1AAC95F5F1}.Debug|Any CPU.Build.0 = Debug|Any CPU
		{E1B5C5D8-D8F6-487C-9ECF-CC1AAC95F5F1}.Debug|x64.ActiveCfg = Debug|Any CPU
		{E1B5C5D8-D8F6-487C-9ECF-CC1AAC95F5F1}.Debug|x64.Build.0 = Debug|Any CPU
		{E1B5C5D8-D8F6-487C-9ECF-CC1AAC95F5F1}.Debug|x86.ActiveCfg = Debug|Any CPU
		{E1B5C5D8-D8F6-487C-9ECF-CC1AAC95F5F1}.Debug|x86.Build.0 = Debug|Any CPU
		{E1B5C5D8-D8F6-487C-9ECF-CC1AAC95F5F1}.Release|Any CPU.ActiveCfg = Release|Any CPU
		{E1B5C5D8-D8F6-487C-9ECF-CC1AAC95F5F1}.Release|Any CPU.Build.0 = Release|Any CPU
		{E1B5C5D8-D8F6-487C-9ECF-CC1AAC95F5F1}.Release|x64.ActiveCfg = Release|Any CPU
		{E1B5C5D8-D8F6-487C-9ECF-CC1AAC95F5F1}.Release|x64.Build.0 = Release|Any CPU
		{E1B5C5D8-D8F6-487C-9ECF-CC1AAC95F5F1}.Release|x86.ActiveCfg = Release|Any CPU
		{E1B5C5D8-D8F6-487C-9ECF-CC1AAC95F5F1}.Release|x86.Build.0 = Release|Any CPU
		{9DBE1822-5C11-419B-9ABF-6ABCCA48FFC4}.Debug|Any CPU.ActiveCfg = Debug|Any CPU
		{9DBE1822-5C11-419B-9ABF-6ABCCA48FFC4}.Debug|Any CPU.Build.0 = Debug|Any CPU
		{9DBE1822-5C11-419B-9ABF-6ABCCA48FFC4}.Debug|x64.ActiveCfg = Debug|Any CPU
		{9DBE1822-5C11-419B-9ABF-6ABCCA48FFC4}.Debug|x64.Build.0 = Debug|Any CPU
		{9DBE1822-5C11-419B-9ABF-6ABCCA48FFC4}.Debug|x86.ActiveCfg = Debug|Any CPU
		{9DBE1822-5C11-419B-9ABF-6ABCCA48FFC4}.Debug|x86.Build.0 = Debug|Any CPU
		{9DBE1822-5C11-419B-9ABF-6ABCCA48FFC4}.Release|Any CPU.ActiveCfg = Release|Any CPU
		{9DBE1822-5C11-419B-9ABF-6ABCCA48FFC4}.Release|Any CPU.Build.0 = Release|Any CPU
		{9DBE1822-5C11-419B-9ABF-6ABCCA48FFC4}.Release|x64.ActiveCfg = Release|Any CPU
		{9DBE1822-5C11-419B-9ABF-6ABCCA48FFC4}.Release|x64.Build.0 = Release|Any CPU
		{9DBE1822-5C11-419B-9ABF-6ABCCA48FFC4}.Release|x86.ActiveCfg = Release|Any CPU
		{9DBE1822-5C11-419B-9ABF-6ABCCA48FFC4}.Release|x86.Build.0 = Release|Any CPU
	EndGlobalSection
	GlobalSection(SolutionProperties) = preSolution
		HideSolutionNode = FALSE
	EndGlobalSection
	GlobalSection(NestedProjects) = preSolution
		{9E0A90E0-57AD-4FA2-AEF8-19E49D040A2E} = {2A4F00DF-83AF-44EC-B539-2D0AA77F359B}
		{EE7C9209-DB71-436E-BA90-CCCD3AB43A38} = {2A4F00DF-83AF-44EC-B539-2D0AA77F359B}
		{7360DDE4-B28B-4CDD-94E9-512E3C2557BC} = {2A4F00DF-83AF-44EC-B539-2D0AA77F359B}
		{B8575FC2-8849-4A80-92DC-F934477AE600} = {2A4F00DF-83AF-44EC-B539-2D0AA77F359B}
		{E1B5C5D8-D8F6-487C-9ECF-CC1AAC95F5F1} = {2A4F00DF-83AF-44EC-B539-2D0AA77F359B}
		{9DBE1822-5C11-419B-9ABF-6ABCCA48FFC4} = {FC960463-E74F-424B-9384-B6D8E0F0F769}
	EndGlobalSection
	GlobalSection(ExtensibilityGlobals) = postSolution
		SolutionGuid = {681C6B29-7866-47F3-B756-1E44A4833A7F}
	EndGlobalSection
EndGlobal
