
Microsoft Visual Studio Solution File, Format Version 12.00
# Visual Studio Version 16
VisualStudioVersion = 16.0.28803.452
MinimumVisualStudioVersion = 15.0.26124.0
Project("{9A19103F-16F7-4668-BE54-9A1E7A4F7556}") = "Aksel.ConsoleApp", "src\Aksel.ConsoleApp\Aksel.ConsoleApp.csproj", "{5B07623D-C3AA-42C5-BD2A-E2992393A77D}"
EndProject
Project("{9A19103F-16F7-4668-BE54-9A1E7A4F7556}") = "Aksel.Tests", "tests\Aksel.Tests\Aksel.Tests.csproj", "{50BD5520-92AF-46B2-A1C9-7BF060C0A599}"
EndProject
Project("{2150E333-8FDC-42A3-9474-1A3956D46DE8}") = "src", "src", "{53EB47E2-4C32-4986-8904-4AC11F3A38B4}"
EndProject
Project("{2150E333-8FDC-42A3-9474-1A3956D46DE8}") = "tests", "tests", "{C4854180-0E96-407F-9F54-8B239222CA8B}"
EndProject
Project("{2150E333-8FDC-42A3-9474-1A3956D46DE8}") = "Database", "Database", "{F3A11511-C446-4BB9-BBCF-BAB91620ADD2}"
EndProject
Project("{2150E333-8FDC-42A3-9474-1A3956D46DE8}") = "Service", "Service", "{9F6A8923-103D-4D25-AC4E-29DAE483D5A4}"
EndProject
Project("{2150E333-8FDC-42A3-9474-1A3956D46DE8}") = "Models", "Models", "{3B436C88-E99A-414C-928C-C5D576E9B8FA}"
EndProject
Project("{9A19103F-16F7-4668-BE54-9A1E7A4F7556}") = "Aksel.Repository", "src\Database\Aksel.Repository\Aksel.Repository.csproj", "{7D710263-615E-4D05-BE87-91555866C9D7}"
EndProject
Project("{9A19103F-16F7-4668-BE54-9A1E7A4F7556}") = "Aksel.Repository.Entities", "src\Database\Aksel.Repository.Entities\Aksel.Repository.Entities.csproj", "{64E98694-D72D-4122-97B7-6476F82FED02}"
EndProject
Project("{9A19103F-16F7-4668-BE54-9A1E7A4F7556}") = "Aksel.Repository.Module", "src\Database\Aksel.Repository.Module\Aksel.Repository.Module.csproj", "{AC5305DD-B1AB-4946-96D8-7875EBADDBAF}"
EndProject
Project("{9A19103F-16F7-4668-BE54-9A1E7A4F7556}") = "Aksel.AutoMapperMappings", "src\Models\Aksel.AutoMapperMappings\Aksel.AutoMapperMappings.csproj", "{AC28ACC9-E224-4640-9656-4A0A797F630F}"
EndProject
Project("{9A19103F-16F7-4668-BE54-9A1E7A4F7556}") = "Aksel.Models", "src\Models\Aksel.Models\Aksel.Models.csproj", "{A298861D-0D2D-401B-9B9E-3249A0677D2B}"
EndProject
Project("{9A19103F-16F7-4668-BE54-9A1E7A4F7556}") = "Aksel.ModelValidators", "src\Models\Aksel.ModelValidators\Aksel.ModelValidators.csproj", "{EC11FC08-C59B-460E-92AC-C4ACA50AFD39}"
EndProject
Project("{9A19103F-16F7-4668-BE54-9A1E7A4F7556}") = "Aksel.Service", "src\Service\Aksel.Service\Aksel.Service.csproj", "{0C492111-7D29-450E-B47C-F1337C44962A}"
EndProject
Project("{9A19103F-16F7-4668-BE54-9A1E7A4F7556}") = "Aksel.Service.Module", "src\Service\Aksel.Service.Modules\Aksel.Service.Module.csproj", "{F73910F1-45A0-426D-84B1-986D5395DE7E}"
EndProject
Project("{9A19103F-16F7-4668-BE54-9A1E7A4F7556}") = "Aksel.ModelValidators.Module", "src\Models\Aksel.ModelValidators.Module\Aksel.ModelValidators.Module.csproj", "{863A6C8A-4584-4EF0-9212-F52841F8FD3D}"
EndProject
Project("{E53339B2-1760-4266-BCC7-CA923CBCF16C}") = "docker-compose", "docker-compose.dcproj", "{550E07DB-155D-48F5-A029-9A84C97E7808}"
EndProject
Global
	GlobalSection(SolutionConfigurationPlatforms) = preSolution
		Debug|Any CPU = Debug|Any CPU
		Debug|x64 = Debug|x64
		Debug|x86 = Debug|x86
		Release|Any CPU = Release|Any CPU
		Release|x64 = Release|x64
		Release|x86 = Release|x86
	EndGlobalSection
	GlobalSection(ProjectConfigurationPlatforms) = postSolution
		{5B07623D-C3AA-42C5-BD2A-E2992393A77D}.Debug|Any CPU.ActiveCfg = Debug|Any CPU
		{5B07623D-C3AA-42C5-BD2A-E2992393A77D}.Debug|Any CPU.Build.0 = Debug|Any CPU
		{5B07623D-C3AA-42C5-BD2A-E2992393A77D}.Debug|x64.ActiveCfg = Debug|Any CPU
		{5B07623D-C3AA-42C5-BD2A-E2992393A77D}.Debug|x64.Build.0 = Debug|Any CPU
		{5B07623D-C3AA-42C5-BD2A-E2992393A77D}.Debug|x86.ActiveCfg = Debug|Any CPU
		{5B07623D-C3AA-42C5-BD2A-E2992393A77D}.Debug|x86.Build.0 = Debug|Any CPU
		{5B07623D-C3AA-42C5-BD2A-E2992393A77D}.Release|Any CPU.ActiveCfg = Release|Any CPU
		{5B07623D-C3AA-42C5-BD2A-E2992393A77D}.Release|Any CPU.Build.0 = Release|Any CPU
		{5B07623D-C3AA-42C5-BD2A-E2992393A77D}.Release|x64.ActiveCfg = Release|Any CPU
		{5B07623D-C3AA-42C5-BD2A-E2992393A77D}.Release|x64.Build.0 = Release|Any CPU
		{5B07623D-C3AA-42C5-BD2A-E2992393A77D}.Release|x86.ActiveCfg = Release|Any CPU
		{5B07623D-C3AA-42C5-BD2A-E2992393A77D}.Release|x86.Build.0 = Release|Any CPU
		{50BD5520-92AF-46B2-A1C9-7BF060C0A599}.Debug|Any CPU.ActiveCfg = Debug|Any CPU
		{50BD5520-92AF-46B2-A1C9-7BF060C0A599}.Debug|Any CPU.Build.0 = Debug|Any CPU
		{50BD5520-92AF-46B2-A1C9-7BF060C0A599}.Debug|x64.ActiveCfg = Debug|Any CPU
		{50BD5520-92AF-46B2-A1C9-7BF060C0A599}.Debug|x64.Build.0 = Debug|Any CPU
		{50BD5520-92AF-46B2-A1C9-7BF060C0A599}.Debug|x86.ActiveCfg = Debug|Any CPU
		{50BD5520-92AF-46B2-A1C9-7BF060C0A599}.Debug|x86.Build.0 = Debug|Any CPU
		{50BD5520-92AF-46B2-A1C9-7BF060C0A599}.Release|Any CPU.ActiveCfg = Release|Any CPU
		{50BD5520-92AF-46B2-A1C9-7BF060C0A599}.Release|Any CPU.Build.0 = Release|Any CPU
		{50BD5520-92AF-46B2-A1C9-7BF060C0A599}.Release|x64.ActiveCfg = Release|Any CPU
		{50BD5520-92AF-46B2-A1C9-7BF060C0A599}.Release|x64.Build.0 = Release|Any CPU
		{50BD5520-92AF-46B2-A1C9-7BF060C0A599}.Release|x86.ActiveCfg = Release|Any CPU
		{50BD5520-92AF-46B2-A1C9-7BF060C0A599}.Release|x86.Build.0 = Release|Any CPU
		{7D710263-615E-4D05-BE87-91555866C9D7}.Debug|Any CPU.ActiveCfg = Debug|Any CPU
		{7D710263-615E-4D05-BE87-91555866C9D7}.Debug|Any CPU.Build.0 = Debug|Any CPU
		{7D710263-615E-4D05-BE87-91555866C9D7}.Debug|x64.ActiveCfg = Debug|Any CPU
		{7D710263-615E-4D05-BE87-91555866C9D7}.Debug|x64.Build.0 = Debug|Any CPU
		{7D710263-615E-4D05-BE87-91555866C9D7}.Debug|x86.ActiveCfg = Debug|Any CPU
		{7D710263-615E-4D05-BE87-91555866C9D7}.Debug|x86.Build.0 = Debug|Any CPU
		{7D710263-615E-4D05-BE87-91555866C9D7}.Release|Any CPU.ActiveCfg = Release|Any CPU
		{7D710263-615E-4D05-BE87-91555866C9D7}.Release|Any CPU.Build.0 = Release|Any CPU
		{7D710263-615E-4D05-BE87-91555866C9D7}.Release|x64.ActiveCfg = Release|Any CPU
		{7D710263-615E-4D05-BE87-91555866C9D7}.Release|x64.Build.0 = Release|Any CPU
		{7D710263-615E-4D05-BE87-91555866C9D7}.Release|x86.ActiveCfg = Release|Any CPU
		{7D710263-615E-4D05-BE87-91555866C9D7}.Release|x86.Build.0 = Release|Any CPU
		{64E98694-D72D-4122-97B7-6476F82FED02}.Debug|Any CPU.ActiveCfg = Debug|Any CPU
		{64E98694-D72D-4122-97B7-6476F82FED02}.Debug|Any CPU.Build.0 = Debug|Any CPU
		{64E98694-D72D-4122-97B7-6476F82FED02}.Debug|x64.ActiveCfg = Debug|Any CPU
		{64E98694-D72D-4122-97B7-6476F82FED02}.Debug|x64.Build.0 = Debug|Any CPU
		{64E98694-D72D-4122-97B7-6476F82FED02}.Debug|x86.ActiveCfg = Debug|Any CPU
		{64E98694-D72D-4122-97B7-6476F82FED02}.Debug|x86.Build.0 = Debug|Any CPU
		{64E98694-D72D-4122-97B7-6476F82FED02}.Release|Any CPU.ActiveCfg = Release|Any CPU
		{64E98694-D72D-4122-97B7-6476F82FED02}.Release|Any CPU.Build.0 = Release|Any CPU
		{64E98694-D72D-4122-97B7-6476F82FED02}.Release|x64.ActiveCfg = Release|Any CPU
		{64E98694-D72D-4122-97B7-6476F82FED02}.Release|x64.Build.0 = Release|Any CPU
		{64E98694-D72D-4122-97B7-6476F82FED02}.Release|x86.ActiveCfg = Release|Any CPU
		{64E98694-D72D-4122-97B7-6476F82FED02}.Release|x86.Build.0 = Release|Any CPU
		{AC5305DD-B1AB-4946-96D8-7875EBADDBAF}.Debug|Any CPU.ActiveCfg = Debug|Any CPU
		{AC5305DD-B1AB-4946-96D8-7875EBADDBAF}.Debug|Any CPU.Build.0 = Debug|Any CPU
		{AC5305DD-B1AB-4946-96D8-7875EBADDBAF}.Debug|x64.ActiveCfg = Debug|Any CPU
		{AC5305DD-B1AB-4946-96D8-7875EBADDBAF}.Debug|x64.Build.0 = Debug|Any CPU
		{AC5305DD-B1AB-4946-96D8-7875EBADDBAF}.Debug|x86.ActiveCfg = Debug|Any CPU
		{AC5305DD-B1AB-4946-96D8-7875EBADDBAF}.Debug|x86.Build.0 = Debug|Any CPU
		{AC5305DD-B1AB-4946-96D8-7875EBADDBAF}.Release|Any CPU.ActiveCfg = Release|Any CPU
		{AC5305DD-B1AB-4946-96D8-7875EBADDBAF}.Release|Any CPU.Build.0 = Release|Any CPU
		{AC5305DD-B1AB-4946-96D8-7875EBADDBAF}.Release|x64.ActiveCfg = Release|Any CPU
		{AC5305DD-B1AB-4946-96D8-7875EBADDBAF}.Release|x64.Build.0 = Release|Any CPU
		{AC5305DD-B1AB-4946-96D8-7875EBADDBAF}.Release|x86.ActiveCfg = Release|Any CPU
		{AC5305DD-B1AB-4946-96D8-7875EBADDBAF}.Release|x86.Build.0 = Release|Any CPU
		{AC28ACC9-E224-4640-9656-4A0A797F630F}.Debug|Any CPU.ActiveCfg = Debug|Any CPU
		{AC28ACC9-E224-4640-9656-4A0A797F630F}.Debug|Any CPU.Build.0 = Debug|Any CPU
		{AC28ACC9-E224-4640-9656-4A0A797F630F}.Debug|x64.ActiveCfg = Debug|Any CPU
		{AC28ACC9-E224-4640-9656-4A0A797F630F}.Debug|x64.Build.0 = Debug|Any CPU
		{AC28ACC9-E224-4640-9656-4A0A797F630F}.Debug|x86.ActiveCfg = Debug|Any CPU
		{AC28ACC9-E224-4640-9656-4A0A797F630F}.Debug|x86.Build.0 = Debug|Any CPU
		{AC28ACC9-E224-4640-9656-4A0A797F630F}.Release|Any CPU.ActiveCfg = Release|Any CPU
		{AC28ACC9-E224-4640-9656-4A0A797F630F}.Release|Any CPU.Build.0 = Release|Any CPU
		{AC28ACC9-E224-4640-9656-4A0A797F630F}.Release|x64.ActiveCfg = Release|Any CPU
		{AC28ACC9-E224-4640-9656-4A0A797F630F}.Release|x64.Build.0 = Release|Any CPU
		{AC28ACC9-E224-4640-9656-4A0A797F630F}.Release|x86.ActiveCfg = Release|Any CPU
		{AC28ACC9-E224-4640-9656-4A0A797F630F}.Release|x86.Build.0 = Release|Any CPU
		{A298861D-0D2D-401B-9B9E-3249A0677D2B}.Debug|Any CPU.ActiveCfg = Debug|Any CPU
		{A298861D-0D2D-401B-9B9E-3249A0677D2B}.Debug|Any CPU.Build.0 = Debug|Any CPU
		{A298861D-0D2D-401B-9B9E-3249A0677D2B}.Debug|x64.ActiveCfg = Debug|Any CPU
		{A298861D-0D2D-401B-9B9E-3249A0677D2B}.Debug|x64.Build.0 = Debug|Any CPU
		{A298861D-0D2D-401B-9B9E-3249A0677D2B}.Debug|x86.ActiveCfg = Debug|Any CPU
		{A298861D-0D2D-401B-9B9E-3249A0677D2B}.Debug|x86.Build.0 = Debug|Any CPU
		{A298861D-0D2D-401B-9B9E-3249A0677D2B}.Release|Any CPU.ActiveCfg = Release|Any CPU
		{A298861D-0D2D-401B-9B9E-3249A0677D2B}.Release|Any CPU.Build.0 = Release|Any CPU
		{A298861D-0D2D-401B-9B9E-3249A0677D2B}.Release|x64.ActiveCfg = Release|Any CPU
		{A298861D-0D2D-401B-9B9E-3249A0677D2B}.Release|x64.Build.0 = Release|Any CPU
		{A298861D-0D2D-401B-9B9E-3249A0677D2B}.Release|x86.ActiveCfg = Release|Any CPU
		{A298861D-0D2D-401B-9B9E-3249A0677D2B}.Release|x86.Build.0 = Release|Any CPU
		{EC11FC08-C59B-460E-92AC-C4ACA50AFD39}.Debug|Any CPU.ActiveCfg = Debug|Any CPU
		{EC11FC08-C59B-460E-92AC-C4ACA50AFD39}.Debug|Any CPU.Build.0 = Debug|Any CPU
		{EC11FC08-C59B-460E-92AC-C4ACA50AFD39}.Debug|x64.ActiveCfg = Debug|Any CPU
		{EC11FC08-C59B-460E-92AC-C4ACA50AFD39}.Debug|x64.Build.0 = Debug|Any CPU
		{EC11FC08-C59B-460E-92AC-C4ACA50AFD39}.Debug|x86.ActiveCfg = Debug|Any CPU
		{EC11FC08-C59B-460E-92AC-C4ACA50AFD39}.Debug|x86.Build.0 = Debug|Any CPU
		{EC11FC08-C59B-460E-92AC-C4ACA50AFD39}.Release|Any CPU.ActiveCfg = Release|Any CPU
		{EC11FC08-C59B-460E-92AC-C4ACA50AFD39}.Release|Any CPU.Build.0 = Release|Any CPU
		{EC11FC08-C59B-460E-92AC-C4ACA50AFD39}.Release|x64.ActiveCfg = Release|Any CPU
		{EC11FC08-C59B-460E-92AC-C4ACA50AFD39}.Release|x64.Build.0 = Release|Any CPU
		{EC11FC08-C59B-460E-92AC-C4ACA50AFD39}.Release|x86.ActiveCfg = Release|Any CPU
		{EC11FC08-C59B-460E-92AC-C4ACA50AFD39}.Release|x86.Build.0 = Release|Any CPU
		{0C492111-7D29-450E-B47C-F1337C44962A}.Debug|Any CPU.ActiveCfg = Debug|Any CPU
		{0C492111-7D29-450E-B47C-F1337C44962A}.Debug|Any CPU.Build.0 = Debug|Any CPU
		{0C492111-7D29-450E-B47C-F1337C44962A}.Debug|x64.ActiveCfg = Debug|Any CPU
		{0C492111-7D29-450E-B47C-F1337C44962A}.Debug|x64.Build.0 = Debug|Any CPU
		{0C492111-7D29-450E-B47C-F1337C44962A}.Debug|x86.ActiveCfg = Debug|Any CPU
		{0C492111-7D29-450E-B47C-F1337C44962A}.Debug|x86.Build.0 = Debug|Any CPU
		{0C492111-7D29-450E-B47C-F1337C44962A}.Release|Any CPU.ActiveCfg = Release|Any CPU
		{0C492111-7D29-450E-B47C-F1337C44962A}.Release|Any CPU.Build.0 = Release|Any CPU
		{0C492111-7D29-450E-B47C-F1337C44962A}.Release|x64.ActiveCfg = Release|Any CPU
		{0C492111-7D29-450E-B47C-F1337C44962A}.Release|x64.Build.0 = Release|Any CPU
		{0C492111-7D29-450E-B47C-F1337C44962A}.Release|x86.ActiveCfg = Release|Any CPU
		{0C492111-7D29-450E-B47C-F1337C44962A}.Release|x86.Build.0 = Release|Any CPU
		{F73910F1-45A0-426D-84B1-986D5395DE7E}.Debug|Any CPU.ActiveCfg = Debug|Any CPU
		{F73910F1-45A0-426D-84B1-986D5395DE7E}.Debug|Any CPU.Build.0 = Debug|Any CPU
		{F73910F1-45A0-426D-84B1-986D5395DE7E}.Debug|x64.ActiveCfg = Debug|Any CPU
		{F73910F1-45A0-426D-84B1-986D5395DE7E}.Debug|x64.Build.0 = Debug|Any CPU
		{F73910F1-45A0-426D-84B1-986D5395DE7E}.Debug|x86.ActiveCfg = Debug|Any CPU
		{F73910F1-45A0-426D-84B1-986D5395DE7E}.Debug|x86.Build.0 = Debug|Any CPU
		{F73910F1-45A0-426D-84B1-986D5395DE7E}.Release|Any CPU.ActiveCfg = Release|Any CPU
		{F73910F1-45A0-426D-84B1-986D5395DE7E}.Release|Any CPU.Build.0 = Release|Any CPU
		{F73910F1-45A0-426D-84B1-986D5395DE7E}.Release|x64.ActiveCfg = Release|Any CPU
		{F73910F1-45A0-426D-84B1-986D5395DE7E}.Release|x64.Build.0 = Release|Any CPU
		{F73910F1-45A0-426D-84B1-986D5395DE7E}.Release|x86.ActiveCfg = Release|Any CPU
		{F73910F1-45A0-426D-84B1-986D5395DE7E}.Release|x86.Build.0 = Release|Any CPU
		{863A6C8A-4584-4EF0-9212-F52841F8FD3D}.Debug|Any CPU.ActiveCfg = Debug|Any CPU
		{863A6C8A-4584-4EF0-9212-F52841F8FD3D}.Debug|Any CPU.Build.0 = Debug|Any CPU
		{863A6C8A-4584-4EF0-9212-F52841F8FD3D}.Debug|x64.ActiveCfg = Debug|Any CPU
		{863A6C8A-4584-4EF0-9212-F52841F8FD3D}.Debug|x64.Build.0 = Debug|Any CPU
		{863A6C8A-4584-4EF0-9212-F52841F8FD3D}.Debug|x86.ActiveCfg = Debug|Any CPU
		{863A6C8A-4584-4EF0-9212-F52841F8FD3D}.Debug|x86.Build.0 = Debug|Any CPU
		{863A6C8A-4584-4EF0-9212-F52841F8FD3D}.Release|Any CPU.ActiveCfg = Release|Any CPU
		{863A6C8A-4584-4EF0-9212-F52841F8FD3D}.Release|Any CPU.Build.0 = Release|Any CPU
		{863A6C8A-4584-4EF0-9212-F52841F8FD3D}.Release|x64.ActiveCfg = Release|Any CPU
		{863A6C8A-4584-4EF0-9212-F52841F8FD3D}.Release|x64.Build.0 = Release|Any CPU
		{863A6C8A-4584-4EF0-9212-F52841F8FD3D}.Release|x86.ActiveCfg = Release|Any CPU
		{863A6C8A-4584-4EF0-9212-F52841F8FD3D}.Release|x86.Build.0 = Release|Any CPU
		{550E07DB-155D-48F5-A029-9A84C97E7808}.Debug|Any CPU.ActiveCfg = Debug|Any CPU
		{550E07DB-155D-48F5-A029-9A84C97E7808}.Debug|Any CPU.Build.0 = Debug|Any CPU
		{550E07DB-155D-48F5-A029-9A84C97E7808}.Debug|x64.ActiveCfg = Debug|Any CPU
		{550E07DB-155D-48F5-A029-9A84C97E7808}.Debug|x64.Build.0 = Debug|Any CPU
		{550E07DB-155D-48F5-A029-9A84C97E7808}.Debug|x86.ActiveCfg = Debug|Any CPU
		{550E07DB-155D-48F5-A029-9A84C97E7808}.Debug|x86.Build.0 = Debug|Any CPU
		{550E07DB-155D-48F5-A029-9A84C97E7808}.Release|Any CPU.ActiveCfg = Release|Any CPU
		{550E07DB-155D-48F5-A029-9A84C97E7808}.Release|Any CPU.Build.0 = Release|Any CPU
		{550E07DB-155D-48F5-A029-9A84C97E7808}.Release|x64.ActiveCfg = Release|Any CPU
		{550E07DB-155D-48F5-A029-9A84C97E7808}.Release|x64.Build.0 = Release|Any CPU
		{550E07DB-155D-48F5-A029-9A84C97E7808}.Release|x86.ActiveCfg = Release|Any CPU
		{550E07DB-155D-48F5-A029-9A84C97E7808}.Release|x86.Build.0 = Release|Any CPU
	EndGlobalSection
	GlobalSection(SolutionProperties) = preSolution
		HideSolutionNode = FALSE
	EndGlobalSection
	GlobalSection(NestedProjects) = preSolution
		{5B07623D-C3AA-42C5-BD2A-E2992393A77D} = {53EB47E2-4C32-4986-8904-4AC11F3A38B4}
		{50BD5520-92AF-46B2-A1C9-7BF060C0A599} = {C4854180-0E96-407F-9F54-8B239222CA8B}
		{F3A11511-C446-4BB9-BBCF-BAB91620ADD2} = {53EB47E2-4C32-4986-8904-4AC11F3A38B4}
		{9F6A8923-103D-4D25-AC4E-29DAE483D5A4} = {53EB47E2-4C32-4986-8904-4AC11F3A38B4}
		{3B436C88-E99A-414C-928C-C5D576E9B8FA} = {53EB47E2-4C32-4986-8904-4AC11F3A38B4}
		{7D710263-615E-4D05-BE87-91555866C9D7} = {F3A11511-C446-4BB9-BBCF-BAB91620ADD2}
		{64E98694-D72D-4122-97B7-6476F82FED02} = {F3A11511-C446-4BB9-BBCF-BAB91620ADD2}
		{AC5305DD-B1AB-4946-96D8-7875EBADDBAF} = {F3A11511-C446-4BB9-BBCF-BAB91620ADD2}
		{AC28ACC9-E224-4640-9656-4A0A797F630F} = {3B436C88-E99A-414C-928C-C5D576E9B8FA}
		{A298861D-0D2D-401B-9B9E-3249A0677D2B} = {3B436C88-E99A-414C-928C-C5D576E9B8FA}
		{EC11FC08-C59B-460E-92AC-C4ACA50AFD39} = {3B436C88-E99A-414C-928C-C5D576E9B8FA}
		{0C492111-7D29-450E-B47C-F1337C44962A} = {9F6A8923-103D-4D25-AC4E-29DAE483D5A4}
		{F73910F1-45A0-426D-84B1-986D5395DE7E} = {9F6A8923-103D-4D25-AC4E-29DAE483D5A4}
		{863A6C8A-4584-4EF0-9212-F52841F8FD3D} = {3B436C88-E99A-414C-928C-C5D576E9B8FA}
	EndGlobalSection
	GlobalSection(ExtensibilityGlobals) = postSolution
		SolutionGuid = {D9038A3A-F40C-4E5D-9C13-875718DC82B0}
	EndGlobalSection
EndGlobal
